// !$*UTF8*$!
{
	archiveVersion = 1;
	classes = {
	};
	objectVersion = 46;
	objects = {

/* Begin PBXBuildFile section */
		3F92568A1F338F5000A74D0A /* AppDelegate.swift in Sources */ = {isa = PBXBuildFile; fileRef = 3F9256891F338F5000A74D0A /* AppDelegate.swift */; };
		3F92568C1F338F5000A74D0A /* ViewController.swift in Sources */ = {isa = PBXBuildFile; fileRef = 3F92568B1F338F5000A74D0A /* ViewController.swift */; };
		3F92568F1F338F5000A74D0A /* Main.storyboard in Resources */ = {isa = PBXBuildFile; fileRef = 3F92568D1F338F5000A74D0A /* Main.storyboard */; };
		3F9256921F338F5000A74D0A /* MathGenie.xcdatamodeld in Sources */ = {isa = PBXBuildFile; fileRef = 3F9256901F338F5000A74D0A /* MathGenie.xcdatamodeld */; };
		3F9256941F338F5000A74D0A /* Assets.xcassets in Resources */ = {isa = PBXBuildFile; fileRef = 3F9256931F338F5000A74D0A /* Assets.xcassets */; };
		3F9256971F338F5000A74D0A /* LaunchScreen.storyboard in Resources */ = {isa = PBXBuildFile; fileRef = 3F9256951F338F5000A74D0A /* LaunchScreen.storyboard */; };
		3F9256A21F338F5000A74D0A /* MathGenieTests.swift in Sources */ = {isa = PBXBuildFile; fileRef = 3F9256A11F338F5000A74D0A /* MathGenieTests.swift */; };
		3F9256AD1F338F5000A74D0A /* MathGenieUITests.swift in Sources */ = {isa = PBXBuildFile; fileRef = 3F9256AC1F338F5000A74D0A /* MathGenieUITests.swift */; };
/* End PBXBuildFile section */

/* Begin PBXContainerItemProxy section */
		3F92569E1F338F5000A74D0A /* PBXContainerItemProxy */ = {
			isa = PBXContainerItemProxy;
			containerPortal = 3F92567E1F338F5000A74D0A /* Project object */;
			proxyType = 1;
			remoteGlobalIDString = 3F9256851F338F5000A74D0A;
			remoteInfo = MathGenie;
		};
		3F9256A91F338F5000A74D0A /* PBXContainerItemProxy */ = {
			isa = PBXContainerItemProxy;
			containerPortal = 3F92567E1F338F5000A74D0A /* Project object */;
			proxyType = 1;
			remoteGlobalIDString = 3F9256851F338F5000A74D0A;
			remoteInfo = MathGenie;
		};
/* End PBXContainerItemProxy section */

/* Begin PBXFileReference section */
		3F9256861F338F5000A74D0A /* MathGenie.app */ = {isa = PBXFileReference; explicitFileType = wrapper.application; includeInIndex = 0; path = MathGenie.app; sourceTree = BUILT_PRODUCTS_DIR; };
		3F9256891F338F5000A74D0A /* AppDelegate.swift */ = {isa = PBXFileReference; lastKnownFileType = sourcecode.swift; path = AppDelegate.swift; sourceTree = "<group>"; };
		3F92568B1F338F5000A74D0A /* ViewController.swift */ = {isa = PBXFileReference; lastKnownFileType = sourcecode.swift; path = ViewController.swift; sourceTree = "<group>"; };
		3F92568E1F338F5000A74D0A /* Base */ = {isa = PBXFileReference; lastKnownFileType = file.storyboard; name = Base; path = Base.lproj/Main.storyboard; sourceTree = "<group>"; };
		3F9256911F338F5000A74D0A /* MathGenie.xcdatamodel */ = {isa = PBXFileReference; lastKnownFileType = wrapper.xcdatamodel; path = MathGenie.xcdatamodel; sourceTree = "<group>"; };
		3F9256931F338F5000A74D0A /* Assets.xcassets */ = {isa = PBXFileReference; lastKnownFileType = folder.assetcatalog; path = Assets.xcassets; sourceTree = "<group>"; };
		3F9256961F338F5000A74D0A /* Base */ = {isa = PBXFileReference; lastKnownFileType = file.storyboard; name = Base; path = Base.lproj/LaunchScreen.storyboard; sourceTree = "<group>"; };
		3F9256981F338F5000A74D0A /* Info.plist */ = {isa = PBXFileReference; lastKnownFileType = text.plist.xml; path = Info.plist; sourceTree = "<group>"; };
		3F92569D1F338F5000A74D0A /* MathGenieTests.xctest */ = {isa = PBXFileReference; explicitFileType = wrapper.cfbundle; includeInIndex = 0; path = MathGenieTests.xctest; sourceTree = BUILT_PRODUCTS_DIR; };
		3F9256A11F338F5000A74D0A /* MathGenieTests.swift */ = {isa = PBXFileReference; lastKnownFileType = sourcecode.swift; path = MathGenieTests.swift; sourceTree = "<group>"; };
		3F9256A31F338F5000A74D0A /* Info.plist */ = {isa = PBXFileReference; lastKnownFileType = text.plist.xml; path = Info.plist; sourceTree = "<group>"; };
		3F9256A81F338F5000A74D0A /* MathGenieUITests.xctest */ = {isa = PBXFileReference; explicitFileType = wrapper.cfbundle; includeInIndex = 0; path = MathGenieUITests.xctest; sourceTree = BUILT_PRODUCTS_DIR; };
		3F9256AC1F338F5000A74D0A /* MathGenieUITests.swift */ = {isa = PBXFileReference; lastKnownFileType = sourcecode.swift; path = MathGenieUITests.swift; sourceTree = "<group>"; };
		3F9256AE1F338F5000A74D0A /* Info.plist */ = {isa = PBXFileReference; lastKnownFileType = text.plist.xml; path = Info.plist; sourceTree = "<group>"; };
/* End PBXFileReference section */

/* Begin PBXFrameworksBuildPhase section */
		3F9256831F338F5000A74D0A /* Frameworks */ = {
			isa = PBXFrameworksBuildPhase;
			buildActionMask = 2147483647;
			files = (
			);
			runOnlyForDeploymentPostprocessing = 0;
		};
		3F92569A1F338F5000A74D0A /* Frameworks */ = {
			isa = PBXFrameworksBuildPhase;
			buildActionMask = 2147483647;
			files = (
			);
			runOnlyForDeploymentPostprocessing = 0;
		};
		3F9256A51F338F5000A74D0A /* Frameworks */ = {
			isa = PBXFrameworksBuildPhase;
			buildActionMask = 2147483647;
			files = (
			);
			runOnlyForDeploymentPostprocessing = 0;
		};
/* End PBXFrameworksBuildPhase section */

/* Begin PBXGroup section */
		3F92567D1F338F5000A74D0A = {
			isa = PBXGroup;
			children = (
				3F9256881F338F5000A74D0A /* MathGenie */,
				3F9256A01F338F5000A74D0A /* MathGenieTests */,
				3F9256AB1F338F5000A74D0A /* MathGenieUITests */,
				3F9256871F338F5000A74D0A /* Products */,
			);
			sourceTree = "<group>";
		};
		3F9256871F338F5000A74D0A /* Products */ = {
			isa = PBXGroup;
			children = (
				3F9256861F338F5000A74D0A /* MathGenie.app */,
				3F92569D1F338F5000A74D0A /* MathGenieTests.xctest */,
				3F9256A81F338F5000A74D0A /* MathGenieUITests.xctest */,
			);
			name = Products;
			sourceTree = "<group>";
		};
		3F9256881F338F5000A74D0A /* MathGenie */ = {
			isa = PBXGroup;
			children = (
				3F9256891F338F5000A74D0A /* AppDelegate.swift */,
				3F92568B1F338F5000A74D0A /* ViewController.swift */,
				3F92568D1F338F5000A74D0A /* Main.storyboard */,
				3F9256931F338F5000A74D0A /* Assets.xcassets */,
				3F9256951F338F5000A74D0A /* LaunchScreen.storyboard */,
				3F9256981F338F5000A74D0A /* Info.plist */,
				3F9256901F338F5000A74D0A /* MathGenie.xcdatamodeld */,
			);
			path = MathGenie;
			sourceTree = "<group>";
		};
		3F9256A01F338F5000A74D0A /* MathGenieTests */ = {
			isa = PBXGroup;
			children = (
				3F9256A11F338F5000A74D0A /* MathGenieTests.swift */,
				3F9256A31F338F5000A74D0A /* Info.plist */,
			);
			path = MathGenieTests;
			sourceTree = "<group>";
		};
		3F9256AB1F338F5000A74D0A /* MathGenieUITests */ = {
			isa = PBXGroup;
			children = (
				3F9256AC1F338F5000A74D0A /* MathGenieUITests.swift */,
				3F9256AE1F338F5000A74D0A /* Info.plist */,
			);
			path = MathGenieUITests;
			sourceTree = "<group>";
		};
/* End PBXGroup section */

/* Begin PBXNativeTarget section */
		3F9256851F338F5000A74D0A /* MathGenie */ = {
			isa = PBXNativeTarget;
			buildConfigurationList = 3F9256B11F338F5000A74D0A /* Build configuration list for PBXNativeTarget "MathGenie" */;
			buildPhases = (
				3F9256821F338F5000A74D0A /* Sources */,
				3F9256831F338F5000A74D0A /* Frameworks */,
				3F9256841F338F5000A74D0A /* Resources */,
			);
			buildRules = (
			);
			dependencies = (
			);
			name = MathGenie;
			productName = MathGenie;
			productReference = 3F9256861F338F5000A74D0A /* MathGenie.app */;
			productType = "com.apple.product-type.application";
		};
		3F92569C1F338F5000A74D0A /* MathGenieTests */ = {
			isa = PBXNativeTarget;
			buildConfigurationList = 3F9256B41F338F5000A74D0A /* Build configuration list for PBXNativeTarget "MathGenieTests" */;
			buildPhases = (
				3F9256991F338F5000A74D0A /* Sources */,
				3F92569A1F338F5000A74D0A /* Frameworks */,
				3F92569B1F338F5000A74D0A /* Resources */,
			);
			buildRules = (
			);
			dependencies = (
				3F92569F1F338F5000A74D0A /* PBXTargetDependency */,
			);
			name = MathGenieTests;
			productName = MathGenieTests;
			productReference = 3F92569D1F338F5000A74D0A /* MathGenieTests.xctest */;
			productType = "com.apple.product-type.bundle.unit-test";
		};
		3F9256A71F338F5000A74D0A /* MathGenieUITests */ = {
			isa = PBXNativeTarget;
			buildConfigurationList = 3F9256B71F338F5000A74D0A /* Build configuration list for PBXNativeTarget "MathGenieUITests" */;
			buildPhases = (
				3F9256A41F338F5000A74D0A /* Sources */,
				3F9256A51F338F5000A74D0A /* Frameworks */,
				3F9256A61F338F5000A74D0A /* Resources */,
			);
			buildRules = (
			);
			dependencies = (
				3F9256AA1F338F5000A74D0A /* PBXTargetDependency */,
			);
			name = MathGenieUITests;
			productName = MathGenieUITests;
			productReference = 3F9256A81F338F5000A74D0A /* MathGenieUITests.xctest */;
			productType = "com.apple.product-type.bundle.ui-testing";
		};
/* End PBXNativeTarget section */

/* Begin PBXProject section */
		3F92567E1F338F5000A74D0A /* Project object */ = {
			isa = PBXProject;
			attributes = {
				LastSwiftUpdateCheck = 0820;
				LastUpgradeCheck = 0820;
				ORGANIZATIONNAME = Genie;
				TargetAttributes = {
					3F9256851F338F5000A74D0A = {
						CreatedOnToolsVersion = 8.2;
						ProvisioningStyle = Automatic;
					};
					3F92569C1F338F5000A74D0A = {
						CreatedOnToolsVersion = 8.2;
						ProvisioningStyle = Automatic;
						TestTargetID = 3F9256851F338F5000A74D0A;
					};
					3F9256A71F338F5000A74D0A = {
						CreatedOnToolsVersion = 8.2;
						ProvisioningStyle = Automatic;
						TestTargetID = 3F9256851F338F5000A74D0A;
					};
				};
			};
			buildConfigurationList = 3F9256811F338F5000A74D0A /* Build configuration list for PBXProject "MathGenie" */;
			compatibilityVersion = "Xcode 3.2";
			developmentRegion = English;
			hasScannedForEncodings = 0;
			knownRegions = (
				en,
				Base,
			);
			mainGroup = 3F92567D1F338F5000A74D0A;
			productRefGroup = 3F9256871F338F5000A74D0A /* Products */;
			projectDirPath = "";
			projectRoot = "";
			targets = (
				3F9256851F338F5000A74D0A /* MathGenie */,
				3F92569C1F338F5000A74D0A /* MathGenieTests */,
				3F9256A71F338F5000A74D0A /* MathGenieUITests */,
			);
		};
/* End PBXProject section */

/* Begin PBXResourcesBuildPhase section */
		3F9256841F338F5000A74D0A /* Resources */ = {
			isa = PBXResourcesBuildPhase;
			buildActionMask = 2147483647;
			files = (
				3F9256971F338F5000A74D0A /* LaunchScreen.storyboard in Resources */,
				3F9256941F338F5000A74D0A /* Assets.xcassets in Resources */,
				3F92568F1F338F5000A74D0A /* Main.storyboard in Resources */,
			);
			runOnlyForDeploymentPostprocessing = 0;
		};
		3F92569B1F338F5000A74D0A /* Resources */ = {
			isa = PBXResourcesBuildPhase;
			buildActionMask = 2147483647;
			files = (
			);
			runOnlyForDeploymentPostprocessing = 0;
		};
		3F9256A61F338F5000A74D0A /* Resources */ = {
			isa = PBXResourcesBuildPhase;
			buildActionMask = 2147483647;
			files = (
			);
			runOnlyForDeploymentPostprocessing = 0;
		};
/* End PBXResourcesBuildPhase section */

/* Begin PBXSourcesBuildPhase section */
		3F9256821F338F5000A74D0A /* Sources */ = {
			isa = PBXSourcesBuildPhase;
			buildActionMask = 2147483647;
			files = (
				3F92568C1F338F5000A74D0A /* ViewController.swift in Sources */,
				3F9256921F338F5000A74D0A /* MathGenie.xcdatamodeld in Sources */,
				3F92568A1F338F5000A74D0A /* AppDelegate.swift in Sources */,
			);
			runOnlyForDeploymentPostprocessing = 0;
		};
		3F9256991F338F5000A74D0A /* Sources */ = {
			isa = PBXSourcesBuildPhase;
			buildActionMask = 2147483647;
			files = (
				3F9256A21F338F5000A74D0A /* MathGenieTests.swift in Sources */,
			);
			runOnlyForDeploymentPostprocessing = 0;
		};
		3F9256A41F338F5000A74D0A /* Sources */ = {
			isa = PBXSourcesBuildPhase;
			buildActionMask = 2147483647;
			files = (
				3F9256AD1F338F5000A74D0A /* MathGenieUITests.swift in Sources */,
			);
			runOnlyForDeploymentPostprocessing = 0;
		};
/* End PBXSourcesBuildPhase section */

/* Begin PBXTargetDependency section */
		3F92569F1F338F5000A74D0A /* PBXTargetDependency */ = {
			isa = PBXTargetDependency;
			target = 3F9256851F338F5000A74D0A /* MathGenie */;
			targetProxy = 3F92569E1F338F5000A74D0A /* PBXContainerItemProxy */;
		};
		3F9256AA1F338F5000A74D0A /* PBXTargetDependency */ = {
			isa = PBXTargetDependency;
			target = 3F9256851F338F5000A74D0A /* MathGenie */;
			targetProxy = 3F9256A91F338F5000A74D0A /* PBXContainerItemProxy */;
		};
/* End PBXTargetDependency section */

/* Begin PBXVariantGroup section */
		3F92568D1F338F5000A74D0A /* Main.storyboard */ = {
			isa = PBXVariantGroup;
			children = (
				3F92568E1F338F5000A74D0A /* Base */,
			);
			name = Main.storyboard;
			sourceTree = "<group>";
		};
		3F9256951F338F5000A74D0A /* LaunchScreen.storyboard */ = {
			isa = PBXVariantGroup;
			children = (
				3F9256961F338F5000A74D0A /* Base */,
			);
			name = LaunchScreen.storyboard;
			sourceTree = "<group>";
		};
/* End PBXVariantGroup section */

/* Begin XCBuildConfiguration section */
		3F9256AF1F338F5000A74D0A /* Debug */ = {
			isa = XCBuildConfiguration;
			buildSettings = {
				ALWAYS_SEARCH_USER_PATHS = NO;
				CLANG_ANALYZER_NONNULL = YES;
				CLANG_CXX_LANGUAGE_STANDARD = "gnu++0x";
				CLANG_CXX_LIBRARY = "libc++";
				CLANG_ENABLE_MODULES = YES;
				CLANG_ENABLE_OBJC_ARC = YES;
				CLANG_WARN_BOOL_CONVERSION = YES;
				CLANG_WARN_CONSTANT_CONVERSION = YES;
				CLANG_WARN_DIRECT_OBJC_ISA_USAGE = YES_ERROR;
				CLANG_WARN_DOCUMENTATION_COMMENTS = YES;
				CLANG_WARN_EMPTY_BODY = YES;
				CLANG_WARN_ENUM_CONVERSION = YES;
				CLANG_WARN_INFINITE_RECURSION = YES;
				CLANG_WARN_INT_CONVERSION = YES;
				CLANG_WARN_OBJC_ROOT_CLASS = YES_ERROR;
				CLANG_WARN_SUSPICIOUS_MOVE = YES;
				CLANG_WARN_UNREACHABLE_CODE = YES;
				CLANG_WARN__DUPLICATE_METHOD_MATCH = YES;
				"CODE_SIGN_IDENTITY[sdk=iphoneos*]" = "iPhone Developer";
				COPY_PHASE_STRIP = NO;
				DEBUG_INFORMATION_FORMAT = dwarf;
				ENABLE_STRICT_OBJC_MSGSEND = YES;
				ENABLE_TESTABILITY = YES;
				GCC_C_LANGUAGE_STANDARD = gnu99;
				GCC_DYNAMIC_NO_PIC = NO;
				GCC_NO_COMMON_BLOCKS = YES;
				GCC_OPTIMIZATION_LEVEL = 0;
				GCC_PREPROCESSOR_DEFINITIONS = (
					"DEBUG=1",
					"$(inherited)",
				);
				GCC_WARN_64_TO_32_BIT_CONVERSION = YES;
				GCC_WARN_ABOUT_RETURN_TYPE = YES_ERROR;
				GCC_WARN_UNDECLARED_SELECTOR = YES;
				GCC_WARN_UNINITIALIZED_AUTOS = YES_AGGRESSIVE;
				GCC_WARN_UNUSED_FUNCTION = YES;
				GCC_WARN_UNUSED_VARIABLE = YES;
				IPHONEOS_DEPLOYMENT_TARGET = 10.2;
				MTL_ENABLE_DEBUG_INFO = YES;
				ONLY_ACTIVE_ARCH = YES;
				SDKROOT = iphoneos;
				SWIFT_ACTIVE_COMPILATION_CONDITIONS = DEBUG;
				SWIFT_OPTIMIZATION_LEVEL = "-Onone";
			};
			name = Debug;
		};
		3F9256B01F338F5000A74D0A /* Release */ = {
			isa = XCBuildConfiguration;
			buildSettings = {
				ALWAYS_SEARCH_USER_PATHS = NO;
				CLANG_ANALYZER_NONNULL = YES;
				CLANG_CXX_LANGUAGE_STANDARD = "gnu++0x";
				CLANG_CXX_LIBRARY = "libc++";
				CLANG_ENABLE_MODULES = YES;
				CLANG_ENABLE_OBJC_ARC = YES;
				CLANG_WARN_BOOL_CONVERSION = YES;
				CLANG_WARN_CONSTANT_CONVERSION = YES;
				CLANG_WARN_DIRECT_OBJC_ISA_USAGE = YES_ERROR;
				CLANG_WARN_DOCUMENTATION_COMMENTS = YES;
				CLANG_WARN_EMPTY_BODY = YES;
				CLANG_WARN_ENUM_CONVERSION = YES;
				CLANG_WARN_INFINITE_RECURSION = YES;
				CLANG_WARN_INT_CONVERSION = YES;
				CLANG_WARN_OBJC_ROOT_CLASS = YES_ERROR;
				CLANG_WARN_SUSPICIOUS_MOVE = YES;
				CLANG_WARN_UNREACHABLE_CODE = YES;
				CLANG_WARN__DUPLICATE_METHOD_MATCH = YES;
				"CODE_SIGN_IDENTITY[sdk=iphoneos*]" = "iPhone Developer";
				COPY_PHASE_STRIP = NO;
				DEBUG_INFORMATION_FORMAT = "dwarf-with-dsym";
				ENABLE_NS_ASSERTIONS = NO;
				ENABLE_STRICT_OBJC_MSGSEND = YES;
				GCC_C_LANGUAGE_STANDARD = gnu99;
				GCC_NO_COMMON_BLOCKS = YES;
				GCC_WARN_64_TO_32_BIT_CONVERSION = YES;
				GCC_WARN_ABOUT_RETURN_TYPE = YES_ERROR;
				GCC_WARN_UNDECLARED_SELECTOR = YES;
				GCC_WARN_UNINITIALIZED_AUTOS = YES_AGGRESSIVE;
				GCC_WARN_UNUSED_FUNCTION = YES;
				GCC_WARN_UNUSED_VARIABLE = YES;
				IPHONEOS_DEPLOYMENT_TARGET = 10.2;
				MTL_ENABLE_DEBUG_INFO = NO;
				SDKROOT = iphoneos;
				SWIFT_OPTIMIZATION_LEVEL = "-Owholemodule";
				VALIDATE_PRODUCT = YES;
			};
			name = Release;
		};
		3F9256B21F338F5000A74D0A /* Debug */ = {
			isa = XCBuildConfiguration;
			buildSettings = {
				ASSETCATALOG_COMPILER_APPICON_NAME = AppIcon;
				INFOPLIST_FILE = MathGenie/Info.plist;
				LD_RUNPATH_SEARCH_PATHS = "$(inherited) @executable_path/Frameworks";
				PRODUCT_BUNDLE_IDENTIFIER = com.Genie.MathGenie;
				PRODUCT_NAME = "$(TARGET_NAME)";
				SWIFT_VERSION = 3.0;
			};
			name = Debug;
		};
		3F9256B31F338F5000A74D0A /* Release */ = {
			isa = XCBuildConfiguration;
			buildSettings = {
				ASSETCATALOG_COMPILER_APPICON_NAME = AppIcon;
				INFOPLIST_FILE = MathGenie/Info.plist;
				LD_RUNPATH_SEARCH_PATHS = "$(inherited) @executable_path/Frameworks";
				PRODUCT_BUNDLE_IDENTIFIER = com.Genie.MathGenie;
				PRODUCT_NAME = "$(TARGET_NAME)";
				SWIFT_VERSION = 3.0;
			};
			name = Release;
		};
		3F9256B51F338F5000A74D0A /* Debug */ = {
			isa = XCBuildConfiguration;
			buildSettings = {
				ALWAYS_EMBED_SWIFT_STANDARD_LIBRARIES = YES;
				BUNDLE_LOADER = "$(TEST_HOST)";
				INFOPLIST_FILE = MathGenieTests/Info.plist;
				LD_RUNPATH_SEARCH_PATHS = "$(inherited) @executable_path/Frameworks @loader_path/Frameworks";
				PRODUCT_BUNDLE_IDENTIFIER = com.Genie.MathGenieTests;
				PRODUCT_NAME = "$(TARGET_NAME)";
				SWIFT_VERSION = 3.0;
				TEST_HOST = "$(BUILT_PRODUCTS_DIR)/MathGenie.app/MathGenie";
			};
			name = Debug;
		};
		3F9256B61F338F5000A74D0A /* Release */ = {
			isa = XCBuildConfiguration;
			buildSettings = {
				ALWAYS_EMBED_SWIFT_STANDARD_LIBRARIES = YES;
				BUNDLE_LOADER = "$(TEST_HOST)";
				INFOPLIST_FILE = MathGenieTests/Info.plist;
				LD_RUNPATH_SEARCH_PATHS = "$(inherited) @executable_path/Frameworks @loader_path/Frameworks";
				PRODUCT_BUNDLE_IDENTIFIER = com.Genie.MathGenieTests;
				PRODUCT_NAME = "$(TARGET_NAME)";
				SWIFT_VERSION = 3.0;
				TEST_HOST = "$(BUILT_PRODUCTS_DIR)/MathGenie.app/MathGenie";
			};
			name = Release;
		};
		3F9256B81F338F5000A74D0A /* Debug */ = {
			isa = XCBuildConfiguration;
			buildSettings = {
				ALWAYS_EMBED_SWIFT_STANDARD_LIBRARIES = YES;
				INFOPLIST_FILE = MathGenieUITests/Info.plist;
				LD_RUNPATH_SEARCH_PATHS = "$(inherited) @executable_path/Frameworks @loader_path/Frameworks";
				PRODUCT_BUNDLE_IDENTIFIER = com.Genie.MathGenieUITests;
				PRODUCT_NAME = "$(TARGET_NAME)";
				SWIFT_VERSION = 3.0;
				TEST_TARGET_NAME = MathGenie;
			};
			name = Debug;
		};
		3F9256B91F338F5000A74D0A /* Release */ = {
			isa = XCBuildConfiguration;
			buildSettings = {
				ALWAYS_EMBED_SWIFT_STANDARD_LIBRARIES = YES;
				INFOPLIST_FILE = MathGenieUITests/Info.plist;
				LD_RUNPATH_SEARCH_PATHS = "$(inherited) @executable_path/Frameworks @loader_path/Frameworks";
				PRODUCT_BUNDLE_IDENTIFIER = com.Genie.MathGenieUITests;
				PRODUCT_NAME = "$(TARGET_NAME)";
				SWIFT_VERSION = 3.0;
				TEST_TARGET_NAME = MathGenie;
			};
			name = Release;
		};
/* End XCBuildConfiguration section */

/* Begin XCConfigurationList section */
		3F9256811F338F5000A74D0A /* Build configuration list for PBXProject "MathGenie" */ = {
			isa = XCConfigurationList;
			buildConfigurations = (
				3F9256AF1F338F5000A74D0A /* Debug */,
				3F9256B01F338F5000A74D0A /* Release */,
			);
			defaultConfigurationIsVisible = 0;
			defaultConfigurationName = Release;
		};
		3F9256B11F338F5000A74D0A /* Build configuration list for PBXNativeTarget "MathGenie" */ = {
			isa = XCConfigurationList;
			buildConfigurations = (
				3F9256B21F338F5000A74D0A /* Debug */,
				3F9256B31F338F5000A74D0A /* Release */,
			);
			defaultConfigurationIsVisible = 0;
		};
		3F9256B41F338F5000A74D0A /* Build configuration list for PBXNativeTarget "MathGenieTests" */ = {
			isa = XCConfigurationList;
			buildConfigurations = (
				3F9256B51F338F5000A74D0A /* Debug */,
				3F9256B61F338F5000A74D0A /* Release */,
			);
			defaultConfigurationIsVisible = 0;
		};
		3F9256B71F338F5000A74D0A /* Build configuration list for PBXNativeTarget "MathGenieUITests" */ = {
			isa = XCConfigurationList;
			buildConfigurations = (
				3F9256B81F338F5000A74D0A /* Debug */,
				3F9256B91F338F5000A74D0A /* Release */,
			);
			defaultConfigurationIsVisible = 0;
		};
/* End XCConfigurationList section */

/* Begin XCVersionGroup section */
		3F9256901F338F5000A74D0A /* MathGenie.xcdatamodeld */ = {
			isa = XCVersionGroup;
			children = (
				3F9256911F338F5000A74D0A /* MathGenie.xcdatamodel */,
			);
			currentVersion = 3F9256911F338F5000A74D0A /* MathGenie.xcdatamodel */;
			path = MathGenie.xcdatamodeld;
			sourceTree = "<group>";
			versionGroupType = wrapper.xcdatamodel;
		};
/* End XCVersionGroup section */
	};
	rootObject = 3F92567E1F338F5000A74D0A /* Project object */;
}
